
Microsoft Visual Studio Solution File, Format Version 12.00
# Visual Studio Version 17
VisualStudioVersion = 17.3.32825.248
MinimumVisualStudioVersion = 10.0.40219.1
Project("{FAE04EC0-301F-11D3-BF4B-00C04F79EFBC}") = "SOF-S-MA-7-1-TAREA-Back-End_Front-End-API", "SOF-S-MA-7-1-TAREA-Back-End_Front-End-API.csproj", "{11FC2A76-9023-46CC-B973-5FFD56FFCF1C}"
EndProject
Global
	GlobalSection(SolutionConfigurationPlatforms) = preSolution
		Debug|Any CPU = Debug|Any CPU
		Release|Any CPU = Release|Any CPU
	EndGlobalSection
	GlobalSection(ProjectConfigurationPlatforms) = postSolution
		{11FC2A76-9023-46CC-B973-5FFD56FFCF1C}.Debug|Any CPU.ActiveCfg = Debug|Any CPU
		{11FC2A76-9023-46CC-B973-5FFD56FFCF1C}.Debug|Any CPU.Build.0 = Debug|Any CPU
		{11FC2A76-9023-46CC-B973-5FFD56FFCF1C}.Release|Any CPU.ActiveCfg = Release|Any CPU
		{11FC2A76-9023-46CC-B973-5FFD56FFCF1C}.Release|Any CPU.Build.0 = Release|Any CPU
	EndGlobalSection
	GlobalSection(SolutionProperties) = preSolution
		HideSolutionNode = FALSE
	EndGlobalSection
	GlobalSection(ExtensibilityGlobals) = postSolution
		SolutionGuid = {9AD13754-4CBE-43B2-8808-6DDB8D596D9C}
	EndGlobalSection
EndGlobal
